
Microsoft Visual Studio Solution File, Format Version 12.00
# Visual Studio 15
VisualStudioVersion = 15.0.27004.2006
MinimumVisualStudioVersion = 10.0.40219.1
Project("{FAE04EC0-301F-11D3-BF4B-00C04F79EFBC}") = "comb_alg_13a", "comb_alg_13a\comb_alg_13a.csproj", "{30D7C54C-6F0B-419F-BA9C-7C4A34AF494E}"
EndProject
Global
	GlobalSection(SolutionConfigurationPlatforms) = preSolution
		Debug|Any CPU = Debug|Any CPU
		Release|Any CPU = Release|Any CPU
	EndGlobalSection
	GlobalSection(ProjectConfigurationPlatforms) = postSolution
		{30D7C54C-6F0B-419F-BA9C-7C4A34AF494E}.Debug|Any CPU.ActiveCfg = Debug|Any CPU
		{30D7C54C-6F0B-419F-BA9C-7C4A34AF494E}.Debug|Any CPU.Build.0 = Debug|Any CPU
		{30D7C54C-6F0B-419F-BA9C-7C4A34AF494E}.Release|Any CPU.ActiveCfg = Release|Any CPU
		{30D7C54C-6F0B-419F-BA9C-7C4A34AF494E}.Release|Any CPU.Build.0 = Release|Any CPU
	EndGlobalSection
	GlobalSection(SolutionProperties) = preSolution
		HideSolutionNode = FALSE
	EndGlobalSection
	GlobalSection(ExtensibilityGlobals) = postSolution
		SolutionGuid = {8887501D-33FA-46F5-8373-92C7BD422F03}
	EndGlobalSection
EndGlobal
